
Microsoft Visual Studio Solution File, Format Version 12.00
# Visual Studio Version 16
VisualStudioVersion = 16.0.29920.165
MinimumVisualStudioVersion = 10.0.40219.1
Project("{9A19103F-16F7-4668-BE54-9A1E7A4F7556}") = "calc.DesktopClient", "src\calc.DesktopClient\calc.DesktopClient.csproj", "{CBC5AF45-0430-4648-9891-FF5806F59FFE}"
EndProject
Project("{2150E333-8FDC-42A3-9474-1A3956D46DE8}") = "Common", "Common", "{77F8BFFE-8AB4-4164-8F7B-B9FE851A8991}"
EndProject
Project("{2150E333-8FDC-42A3-9474-1A3956D46DE8}") = "UI", "UI", "{5E1CCE90-72D8-4932-9735-A20B7704F553}"
EndProject
Project("{FAE04EC0-301F-11D3-BF4B-00C04F79EFBC}") = "calc.UI.Keys", "src\UI\calc.UI.Keys\calc.UI.Keys.csproj", "{E801162B-DA6C-4A71-8B4F-5742C4DDDEAA}"
EndProject
Project("{FAE04EC0-301F-11D3-BF4B-00C04F79EFBC}") = "calc.UI.Display", "src\UI\calc.UI.Display\calc.UI.Display.csproj", "{66990553-2851-4D64-9748-BFDDBC1A9135}"
EndProject
Project("{FAE04EC0-301F-11D3-BF4B-00C04F79EFBC}") = "calc.UI.Toolbar", "src\UI\calc.UI.Toolbar\calc.UI.Toolbar.csproj", "{69D39FF0-2177-47C8-B678-CF903E77E28A}"
EndProject
Project("{FAE04EC0-301F-11D3-BF4B-00C04F79EFBC}") = "calc.Common.Infrastructure", "src\Common\calc.Common.Infrastructure\calc.Common.Infrastructure.csproj", "{6EBFA995-36D0-4533-9357-6671F5810D52}"
EndProject
Project("{FAE04EC0-301F-11D3-BF4B-00C04F79EFBC}") = "calc.Common.Services", "src\Common\calc.Common.Services\calc.Common.Services.csproj", "{42374D20-7C8D-4A52-A3B0-86796E5412C5}"
EndProject
Global
	GlobalSection(SolutionConfigurationPlatforms) = preSolution
		Debug|Any CPU = Debug|Any CPU
		Release|Any CPU = Release|Any CPU
	EndGlobalSection
	GlobalSection(ProjectConfigurationPlatforms) = postSolution
		{CBC5AF45-0430-4648-9891-FF5806F59FFE}.Debug|Any CPU.ActiveCfg = Debug|Any CPU
		{CBC5AF45-0430-4648-9891-FF5806F59FFE}.Debug|Any CPU.Build.0 = Debug|Any CPU
		{CBC5AF45-0430-4648-9891-FF5806F59FFE}.Release|Any CPU.ActiveCfg = Release|Any CPU
		{CBC5AF45-0430-4648-9891-FF5806F59FFE}.Release|Any CPU.Build.0 = Release|Any CPU
		{E801162B-DA6C-4A71-8B4F-5742C4DDDEAA}.Debug|Any CPU.ActiveCfg = Debug|Any CPU
		{E801162B-DA6C-4A71-8B4F-5742C4DDDEAA}.Debug|Any CPU.Build.0 = Debug|Any CPU
		{E801162B-DA6C-4A71-8B4F-5742C4DDDEAA}.Release|Any CPU.ActiveCfg = Release|Any CPU
		{E801162B-DA6C-4A71-8B4F-5742C4DDDEAA}.Release|Any CPU.Build.0 = Release|Any CPU
		{66990553-2851-4D64-9748-BFDDBC1A9135}.Debug|Any CPU.ActiveCfg = Debug|Any CPU
		{66990553-2851-4D64-9748-BFDDBC1A9135}.Debug|Any CPU.Build.0 = Debug|Any CPU
		{66990553-2851-4D64-9748-BFDDBC1A9135}.Release|Any CPU.ActiveCfg = Release|Any CPU
		{66990553-2851-4D64-9748-BFDDBC1A9135}.Release|Any CPU.Build.0 = Release|Any CPU
		{69D39FF0-2177-47C8-B678-CF903E77E28A}.Debug|Any CPU.ActiveCfg = Debug|Any CPU
		{69D39FF0-2177-47C8-B678-CF903E77E28A}.Debug|Any CPU.Build.0 = Debug|Any CPU
		{69D39FF0-2177-47C8-B678-CF903E77E28A}.Release|Any CPU.ActiveCfg = Release|Any CPU
		{69D39FF0-2177-47C8-B678-CF903E77E28A}.Release|Any CPU.Build.0 = Release|Any CPU
		{6EBFA995-36D0-4533-9357-6671F5810D52}.Debug|Any CPU.ActiveCfg = Debug|Any CPU
		{6EBFA995-36D0-4533-9357-6671F5810D52}.Debug|Any CPU.Build.0 = Debug|Any CPU
		{6EBFA995-36D0-4533-9357-6671F5810D52}.Release|Any CPU.ActiveCfg = Release|Any CPU
		{6EBFA995-36D0-4533-9357-6671F5810D52}.Release|Any CPU.Build.0 = Release|Any CPU
		{42374D20-7C8D-4A52-A3B0-86796E5412C5}.Debug|Any CPU.ActiveCfg = Debug|Any CPU
		{42374D20-7C8D-4A52-A3B0-86796E5412C5}.Debug|Any CPU.Build.0 = Debug|Any CPU
		{42374D20-7C8D-4A52-A3B0-86796E5412C5}.Release|Any CPU.ActiveCfg = Release|Any CPU
		{42374D20-7C8D-4A52-A3B0-86796E5412C5}.Release|Any CPU.Build.0 = Release|Any CPU
	EndGlobalSection
	GlobalSection(SolutionProperties) = preSolution
		HideSolutionNode = FALSE
	EndGlobalSection
	GlobalSection(NestedProjects) = preSolution
		{E801162B-DA6C-4A71-8B4F-5742C4DDDEAA} = {5E1CCE90-72D8-4932-9735-A20B7704F553}
		{66990553-2851-4D64-9748-BFDDBC1A9135} = {5E1CCE90-72D8-4932-9735-A20B7704F553}
		{69D39FF0-2177-47C8-B678-CF903E77E28A} = {5E1CCE90-72D8-4932-9735-A20B7704F553}
		{6EBFA995-36D0-4533-9357-6671F5810D52} = {77F8BFFE-8AB4-4164-8F7B-B9FE851A8991}
		{42374D20-7C8D-4A52-A3B0-86796E5412C5} = {77F8BFFE-8AB4-4164-8F7B-B9FE851A8991}
	EndGlobalSection
	GlobalSection(ExtensibilityGlobals) = postSolution
		SolutionGuid = {58445C04-8D4C-4C45-993B-83E09B676A67}
	EndGlobalSection
EndGlobal
